
Microsoft Visual Studio Solution File, Format Version 12.00
# Visual Studio Version 17
VisualStudioVersion = 17.4.33213.308
MinimumVisualStudioVersion = 10.0.40219.1
Project("{FAE04EC0-301F-11D3-BF4B-00C04F79EFBC}") = "Functions", "Functions\Functions.csproj", "{4A9924D8-D19C-4BBD-99CE-8210195568C8}"
EndProject
Project("{FAE04EC0-301F-11D3-BF4B-00C04F79EFBC}") = "ArgumentsAndParameters", "ArgumentsAndParameters\ArgumentsAndParameters.csproj", "{FDBD35B2-7A4C-4EBE-8A7F-652C0BD60689}"
EndProject
Project("{FAE04EC0-301F-11D3-BF4B-00C04F79EFBC}") = "Calculator", "Calculator\Calculator.csproj", "{E3EA325F-0853-42F4-A847-58A8A01A8DA6}"
EndProject
Project("{FAE04EC0-301F-11D3-BF4B-00C04F79EFBC}") = "DiscountCalculator", "DiscountCalculator\DiscountCalculator.csproj", "{B1152E43-D8AD-452E-95C3-BC413DBCDBE4}"
EndProject
Global
	GlobalSection(SolutionConfigurationPlatforms) = preSolution
		Debug|Any CPU = Debug|Any CPU
		Release|Any CPU = Release|Any CPU
	EndGlobalSection
	GlobalSection(ProjectConfigurationPlatforms) = postSolution
		{4A9924D8-D19C-4BBD-99CE-8210195568C8}.Debug|Any CPU.ActiveCfg = Debug|Any CPU
		{4A9924D8-D19C-4BBD-99CE-8210195568C8}.Debug|Any CPU.Build.0 = Debug|Any CPU
		{4A9924D8-D19C-4BBD-99CE-8210195568C8}.Release|Any CPU.ActiveCfg = Release|Any CPU
		{4A9924D8-D19C-4BBD-99CE-8210195568C8}.Release|Any CPU.Build.0 = Release|Any CPU
		{FDBD35B2-7A4C-4EBE-8A7F-652C0BD60689}.Debug|Any CPU.ActiveCfg = Debug|Any CPU
		{FDBD35B2-7A4C-4EBE-8A7F-652C0BD60689}.Debug|Any CPU.Build.0 = Debug|Any CPU
		{FDBD35B2-7A4C-4EBE-8A7F-652C0BD60689}.Release|Any CPU.ActiveCfg = Release|Any CPU
		{FDBD35B2-7A4C-4EBE-8A7F-652C0BD60689}.Release|Any CPU.Build.0 = Release|Any CPU
		{E3EA325F-0853-42F4-A847-58A8A01A8DA6}.Debug|Any CPU.ActiveCfg = Debug|Any CPU
		{E3EA325F-0853-42F4-A847-58A8A01A8DA6}.Debug|Any CPU.Build.0 = Debug|Any CPU
		{E3EA325F-0853-42F4-A847-58A8A01A8DA6}.Release|Any CPU.ActiveCfg = Release|Any CPU
		{E3EA325F-0853-42F4-A847-58A8A01A8DA6}.Release|Any CPU.Build.0 = Release|Any CPU
		{B1152E43-D8AD-452E-95C3-BC413DBCDBE4}.Debug|Any CPU.ActiveCfg = Debug|Any CPU
		{B1152E43-D8AD-452E-95C3-BC413DBCDBE4}.Debug|Any CPU.Build.0 = Debug|Any CPU
		{B1152E43-D8AD-452E-95C3-BC413DBCDBE4}.Release|Any CPU.ActiveCfg = Release|Any CPU
		{B1152E43-D8AD-452E-95C3-BC413DBCDBE4}.Release|Any CPU.Build.0 = Release|Any CPU
	EndGlobalSection
	GlobalSection(SolutionProperties) = preSolution
		HideSolutionNode = FALSE
	EndGlobalSection
	GlobalSection(ExtensibilityGlobals) = postSolution
		SolutionGuid = {69FEB1E9-C1D4-48A8-BED6-B14CAF3FD2AB}
	EndGlobalSection
EndGlobal
